
Microsoft Visual Studio Solution File, Format Version 11.00
# Visual Studio 2010
Project("{FAE04EC0-301F-11D3-BF4B-00C04F79EFBC}") = "com.unity.template.multiplayer-ngo.runtime", "com.unity.template.multiplayer-ngo.runtime.csproj", "{9f1e1d4a-730c-9204-7a86-24eedf7ea186}"
EndProject
Project("{FAE04EC0-301F-11D3-BF4B-00C04F79EFBC}") = "com.unity.template.multiplayer-ngo.shared", "com.unity.template.multiplayer-ngo.shared.csproj", "{16ee1d48-105f-dd86-25b9-fb464c56bd9e}"
EndProject
Project("{FAE04EC0-301F-11D3-BF4B-00C04F79EFBC}") = "com.unity.template.multiplayer-ngo.editor", "com.unity.template.multiplayer-ngo.editor.csproj", "{807d6f3c-7213-c2c3-4359-45c73b16ddcf}"
EndProject
Project("{FAE04EC0-301F-11D3-BF4B-00C04F79EFBC}") = "Assembly-CSharp", "Assembly-CSharp.csproj", "{f1891baa-c43f-ae74-5244-2d3f6ff94730}"
EndProject
Project("{FAE04EC0-301F-11D3-BF4B-00C04F79EFBC}") = "Assembly-CSharp-Editor", "Assembly-CSharp-Editor.csproj", "{2027bed2-6e11-12ad-cdff-f4045575ea92}"
EndProject
Global
	GlobalSection(SolutionConfigurationPlatforms) = preSolution
		Debug|Any CPU = Debug|Any CPU
	EndGlobalSection
	GlobalSection(ProjectConfigurationPlatforms) = postSolution
		{9f1e1d4a-730c-9204-7a86-24eedf7ea186}.Debug|Any CPU.ActiveCfg = Debug|Any CPU
		{9f1e1d4a-730c-9204-7a86-24eedf7ea186}.Debug|Any CPU.Build.0 = Debug|Any CPU
		{16ee1d48-105f-dd86-25b9-fb464c56bd9e}.Debug|Any CPU.ActiveCfg = Debug|Any CPU
		{16ee1d48-105f-dd86-25b9-fb464c56bd9e}.Debug|Any CPU.Build.0 = Debug|Any CPU
		{807d6f3c-7213-c2c3-4359-45c73b16ddcf}.Debug|Any CPU.ActiveCfg = Debug|Any CPU
		{807d6f3c-7213-c2c3-4359-45c73b16ddcf}.Debug|Any CPU.Build.0 = Debug|Any CPU
		{f1891baa-c43f-ae74-5244-2d3f6ff94730}.Debug|Any CPU.ActiveCfg = Debug|Any CPU
		{f1891baa-c43f-ae74-5244-2d3f6ff94730}.Debug|Any CPU.Build.0 = Debug|Any CPU
		{2027bed2-6e11-12ad-cdff-f4045575ea92}.Debug|Any CPU.ActiveCfg = Debug|Any CPU
		{2027bed2-6e11-12ad-cdff-f4045575ea92}.Debug|Any CPU.Build.0 = Debug|Any CPU
	EndGlobalSection
	GlobalSection(SolutionProperties) = preSolution
		HideSolutionNode = FALSE
	EndGlobalSection
EndGlobal
